github.com/yapingcat/gomedia v0.0.0-20211223030339-fdcf21dd2c42 h1:b8xc7a8Y1a51q0HcozQohEXZ+3iV/ZAcWNIn6vZ5h94=
github.com/yapingcat/gomedia v0.0.0-20211223030339-fdcf21dd2c42/go.mod h1:BPZqbszPRtDpS1SzjLceQGQEmII291TF1jdWB/NWwxk=
github.com/yapingcat/gomedia v0.0.0-20211223040500-aa27243bb240 h1:BOTT+g5Sc1ps0RGbKvYLCBNKK7tF/yTD02zY2NjrJtY=
github.com/yapingcat/gomedia v0.0.0-20211223040500-aa27243bb240/go.mod h1:BPZqbszPRtDpS1SzjLceQGQEmII291TF1jdWB/NWwxk=
github.com/yapingcat/gomedia v0.0.0-20211224133417-4097bb542f85 h1:NHJgVpxyBRaJZ0uhG+FjXS13Fjjf5SmKuRse7xKaWUE=
github.com/yapingcat/gomedia v0.0.0-20211224133417-4097bb542f85/go.mod h1:BPZqbszPRtDpS1SzjLceQGQEmII291TF1jdWB/NWwxk=
github.com/yapingcat/gomedia v0.0.0-20211224145632-7ecee0a4c5cb h1:N3EeeLGJYdSCPV+iDHJihRfAIy+qKzVr56pMUYc+/gU=
github.com/yapingcat/gomedia v0.0.0-20211224145632-7ecee0a4c5cb/go.mod h1:BPZqbszPRtDpS1SzjLceQGQEmII291TF1jdWB/NWwxk=
github.com/yapingcat/gomedia v0.0.0-20211229063040-6d360ea441ee h1:vsTwNELIai3VpB0eO5LiF2nFphiqKsEPwhUC9HfjdOw=
github.com/yapingcat/gomedia v0.0.0-20211229063040-6d360ea441ee/go.mod h1:BPZqbszPRtDpS1SzjLceQGQEmII291TF1jdWB/NWwxk=
github.com/yapingcat/gomedia v0.0.0-20220424114132-a825ba54c966 h1:7eJb/WNW/NMkioyYHPOeWDgdgEUG84nEQJgHtnTuV7Y=
github.com/yapingcat/gomedia v0.0.0-20220424114132-a825ba54c966/go.mod h1:BPZqbszPRtDpS1SzjLceQGQEmII291TF1jdWB/NWwxk=
github.com/yapingcat/gomedia/codec v0.0.0-20220424104503-efa359334caf h1:4Uen+0jLzecw7hnQpUNSJlv+3A3yFXxVv2VCQRA2oNc=
github.com/yapingcat/gomedia/codec v0.0.0-20220424104503-efa359334caf/go.mod h1:obSECV6X3NPUsLL0olA7DurvQHKMq7J3iBTNQ4bL/vQ=
github.com/yapingcat/gomedia/codec v0.0.0-20220424114132-a825ba54c966 h1:vOEPX0lnJ2AlApjwSXbYjfA15EzqLExS/QGw8VfCI+4=
github.com/yapingcat/gomedia/codec v0.0.0-20220424114132-a825ba54c966/go.mod h1:obSECV6X3NPUsLL0olA7DurvQHKMq7J3iBTNQ4bL/vQ=
github.com/yapingcat/gomedia/flv v0.0.0-20211224094240-d5aab80d7559 h1:4LxMda/u4FaTyg9FDMRcI0O6bquVtHwox2RmaKL+U68=
github.com/yapingcat/gomedia/flv v0.0.0-20211224094240-d5aab80d7559/go.mod h1:cwJ54C3i6IAWmhn1MNPvO9tjPrtYovmWvs5IOGUvapA=
github.com/yapingcat/gomedia/flv v0.0.0-20211224133417-4097bb542f85 h1:/7N64mGj7D9/qYtUsSBtuMpZ3LLBG4jBfJIHJdRtAEA=
github.com/yapingcat/gomedia/flv v0.0.0-20211224133417-4097bb542f85/go.mod h1:cwJ54C3i6IAWmhn1MNPvO9tjPrtYovmWvs5IOGUvapA=
github.com/yapingcat/gomedia/flv v0.0.0-20211224145632-7ecee0a4c5cb h1:ugOMtgddninuQIQPaD7o/7Nj+d3Eyuosxpd4689jx8o=
github.com/yapingcat/gomedia/flv v0.0.0-20211224145632-7ecee0a4c5cb/go.mod h1:cwJ54C3i6IAWmhn1MNPvO9tjPrtYovmWvs5IOGUvapA=
github.com/yapingcat/gomedia/flv v0.0.0-20211230120140-d44065436aa8 h1:KQBLLCHwx20pjfR4VIAFS+3SVIDHpxc9my71vQ6JeDQ=
github.com/yapingcat/gomedia/flv v0.0.0-20211230120140-d44065436aa8/go.mod h1:cwJ54C3i6IAWmhn1MNPvO9tjPrtYovmWvs5IOGUvapA=
github.com/yapingcat/gomedia/flv v0.0.0-20220423125756-64c5d6ff2768 h1:I4lf/PMjn4FLPgPsZG44kKL6VP/yWkts3PwtP0a0TP8=
github.com/yapingcat/gomedia/flv v0.0.0-20220423125756-64c5d6ff2768/go.mod h1:+eFPDsrftQcgEPontCEq67k1Gv5tCfFqn1F5oVj1AJQ=
github.com/yapingcat/gomedia/flv v0.0.0-20220423133203-760d87bbe549 h1:kuuSCXNzJ5KLs9xelKbchz+Izj87kmiWsiNeZFuVwLA=
github.com/yapingcat/gomedia/flv v0.0.0-20220423133203-760d87bbe549/go.mod h1:+eFPDsrftQcgEPontCEq67k1Gv5tCfFqn1F5oVj1AJQ=
github.com/yapingcat/gomedia/flv v0.0.0-20220424114132-a825ba54c966 h1:hZoHJmwK4oEgSVrww7oUwOwnyJiWt3I3kpPVrlR4qLo=
github.com/yapingcat/gomedia/flv v0.0.0-20220424114132-a825ba54c966/go.mod h1:GxYDfT+TgpyXzQOBW59E94LbXC2Xn/qkv7xm2Wa5iwU=
github.com/yapingcat/gomedia/mp4 v0.0.0-20211223040500-aa27243bb240 h1:SzH9UW3mHP+56yPG6LXAbjvSABYbKIQ63KPLc6JAmtg=
github.com/yapingcat/gomedia/mp4 v0.0.0-20211223040500-aa27243bb240/go.mod h1:KagLgzgKjEhNSNGoDxuwHj/K3LUnTEQF4HCljehb4Fs=
github.com/yapingcat/gomedia/mp4 v0.0.0-20211224094240-d5aab80d7559 h1:feuljuETLyW7ZiYCH7B80lNnRoYV3jvdUmZtfJ5R5Js=
github.com/yapingcat/gomedia/mp4 v0.0.0-20211224094240-d5aab80d7559/go.mod h1:KagLgzgKjEhNSNGoDxuwHj/K3LUnTEQF4HCljehb4Fs=
github.com/yapingcat/gomedia/mp4 v0.0.0-20211224145632-7ecee0a4c5cb h1:SOqEniK63cMl1AB78LOYYKOruIqPnvKwNlJSK0xPJA4=
github.com/yapingcat/gomedia/mp4 v0.0.0-20211224145632-7ecee0a4c5cb/go.mod h1:KagLgzgKjEhNSNGoDxuwHj/K3LUnTEQF4HCljehb4Fs=
github.com/yapingcat/gomedia/mp4 v0.0.0-20211224161442-1e87d54162ef h1:bKxh3iQO7lCv4Y+OYHdeHHUPx4MyuXPdnWJg3dAJSUs=
github.com/yapingcat/gomedia/mp4 v0.0.0-20211224161442-1e87d54162ef/go.mod h1:YWj8SNP7/QreX2lxx7jxrAsQNcoQTelDhvO+xIC8GAY=
github.com/yapingcat/gomedia/mp4 v0.0.0-20211229063040-6d360ea441ee h1:tZmggi4puXRMAvtaee6J6AKCCK52wHVfgsUCUmjaVrs=
github.com/yapingcat/gomedia/mp4 v0.0.0-20211229063040-6d360ea441ee/go.mod h1:YWj8SNP7/QreX2lxx7jxrAsQNcoQTelDhvO+xIC8GAY=
github.com/yapingcat/gomedia/mp4 v0.0.0-20211230120140-d44065436aa8 h1:DcLOquF+IPWStxXjP4ftqv1gs3I7+1kpUKH4U5UU3Fk=
github.com/yapingcat/gomedia/mp4 v0.0.0-20211230120140-d44065436aa8/go.mod h1:YWj8SNP7/QreX2lxx7jxrAsQNcoQTelDhvO+xIC8GAY=
github.com/yapingcat/gomedia/mp4 v0.0.0-20220424114132-a825ba54c966 h1:biv8f8CbcW9lUuM0PG8FOzF3FixFlh55tz+9QoGeQU4=
github.com/yapingcat/gomedia/mp4 v0.0.0-20220424114132-a825ba54c966/go.mod h1:Bg/xkyGhFr72puc5S9jRwtmu34OvV5mOtNdi7sQnZ/U=
github.com/yapingcat/gomedia/mpeg2 v0.0.0-20211223040500-aa27243bb240 h1:+G+Bye55ZJt6V2xgTfZKATzJxS3RF45YyBiLmTSfjFg=
github.com/yapingcat/gomedia/mpeg2 v0.0.0-20211223040500-aa27243bb240/go.mod h1:gOxScxbvhU3OmCQp5X49sAC/dYoj6ZtL+SbHX+W+EZI=
github.com/yapingcat/gomedia/mpeg2 v0.0.0-20211224133417-4097bb542f85 h1:Zx/Jk65IXVVzxLaFkMpWED9zakt0+Wvv9lLtY30hnyo=
github.com/yapingcat/gomedia/mpeg2 v0.0.0-20211224133417-4097bb542f85/go.mod h1:gOxScxbvhU3OmCQp5X49sAC/dYoj6ZtL+SbHX+W+EZI=
github.com/yapingcat/gomedia/mpeg2 v0.0.0-20211224145632-7ecee0a4c5cb h1:ybOtpmLjm0dm2O0bev9pxxsZZMlPTo5fU6O2Cv2YgkU=
github.com/yapingcat/gomedia/mpeg2 v0.0.0-20211224145632-7ecee0a4c5cb/go.mod h1:gOxScxbvhU3OmCQp5X49sAC/dYoj6ZtL+SbHX+W+EZI=
github.com/yapingcat/gomedia/mpeg2 v0.0.0-20211229063040-6d360ea441ee h1:TwpJVIJxhP0VTEQhbuH+fI0BYCE6usnTKYLA3kpRhbM=
github.com/yapingcat/gomedia/mpeg2 v0.0.0-20211229063040-6d360ea441ee/go.mod h1:gOxScxbvhU3OmCQp5X49sAC/dYoj6ZtL+SbHX+W+EZI=
github.com/yapingcat/gomedia/mpeg2 v0.0.0-20220412181028-5fbdc43014ac h1:XlK+43MFeQQVbt3KgueToLFjqEOqlsyzVV48IuJ2dCo=
github.com/yapingcat/gomedia/mpeg2 v0.0.0-20220412181028-5fbdc43014ac/go.mod h1:gOxScxbvhU3OmCQp5X49sAC/dYoj6ZtL+SbHX+W+EZI=
github.com/yapingcat/gomedia/mpeg2 v0.0.0-20220413125132-e0bdb5f73403 h1:httLtF1M4jtWaAjMOJV+I0WMrn6amBpKClrhYt0XoYM=
github.com/yapingcat/gomedia/mpeg2 v0.0.0-20220413125132-e0bdb5f73403/go.mod h1:gOxScxbvhU3OmCQp5X49sAC/dYoj6ZtL+SbHX+W+EZI=
github.com/yapingcat/gomedia/mpeg2 v0.0.0-20220414141956-a633e65c7072 h1:5JjkWbSit1ekpcaHjY6bje/Q61qBua5+ZfmIVKSCGcI=
github.com/yapingcat/gomedia/mpeg2 v0.0.0-20220414141956-a633e65c7072/go.mod h1:gOxScxbvhU3OmCQp5X49sAC/dYoj6ZtL+SbHX+W+EZI=
github.com/yapingcat/gomedia/mpeg2 v0.0.0-20220415140641-ddae5a2020c1 h1:qlumlR7lGU8h7oE7ZubjbXkCgtmqYCEMa17DOm0sig8=
github.com/yapingcat/gomedia/mpeg2 v0.0.0-20220415140641-ddae5a2020c1/go.mod h1:gOxScxbvhU3OmCQp5X49sAC/dYoj6ZtL+SbHX+W+EZI=
github.com/yapingcat/gomedia/mpeg2 v0.0.0-20220424114132-a825ba54c966 h1:gnKdwK2na8CLj7gQt/bQzWtSwMQ/Zs2YMU95eNabEA0=
github.com/yapingcat/gomedia/mpeg2 v0.0.0-20220424114132-a825ba54c966/go.mod h1:4VoPcUr2+e+Rx/8sHuHRDVHbyluWyl3OFrmcUOo80Vw=
