github.com/yapingcat/gomedia/codec v0.0.0-20220424104503-efa359334caf h1:4Uen+0jLzecw7hnQpUNSJlv+3A3yFXxVv2VCQRA2oNc=
github.com/yapingcat/gomedia/codec v0.0.0-20220424104503-efa359334caf/go.mod h1:obSECV6X3NPUsLL0olA7DurvQHKMq7J3iBTNQ4bL/vQ=
github.com/yapingcat/gomedia/mpeg v0.0.0-20211121083244-a28e3b501cfc h1:GaEWwh1g8hVQ0ethRs1eUPG99/Fjnmf8NQ2ODVC+w1g=
github.com/yapingcat/gomedia/mpeg v0.0.0-20211121083244-a28e3b501cfc/go.mod h1:neT7Rmoi+yHT390+q+/73SC+nbR7MJCnCy1R9BcQCnE=
github.com/yapingcat/gomedia/mpeg v0.0.0-20211121084318-d212eb998ce2 h1:MPP/500nAs2u7/cM9rPVVlgpwVEJWQpW2m/1KzzYoic=
github.com/yapingcat/gomedia/mpeg v0.0.0-20211121084318-d212eb998ce2/go.mod h1:neT7Rmoi+yHT390+q+/73SC+nbR7MJCnCy1R9BcQCnE=
github.com/yapingcat/gomedia/mpeg v0.0.0-20220415141202-9058b049f473 h1:20yC6gU5byWTUdiYg6NM8FD+XG+8PD+VCYINoSECdbc=
github.com/yapingcat/gomedia/mpeg v0.0.0-20220415141202-9058b049f473/go.mod h1:neT7Rmoi+yHT390+q+/73SC+nbR7MJCnCy1R9BcQCnE=
