github.com/yapingcat/gomedia/codec v0.0.0-20220424104503-efa359334caf/go.mod h1:obSECV6X3NPUsLL0olA7DurvQHKMq7J3iBTNQ4bL/vQ=
github.com/yapingcat/gomedia/codec v0.0.0-20220609081842-9e0c0e8a19a0 h1:gAmdgY8sSyyw081bp3gdwNwpXWeYddcCF0ZfzRG1Au8=
github.com/yapingcat/gomedia/codec v0.0.0-20220609081842-9e0c0e8a19a0/go.mod h1:obSECV6X3NPUsLL0olA7DurvQHKMq7J3iBTNQ4bL/vQ=
github.com/yapingcat/gomedia/mpeg2 v0.0.0-20220609081842-9e0c0e8a19a0 h1:N0+8vqj3EXtR5VyLlqIU/4U00Q+l1JHCTZr6gMrNI84=
github.com/yapingcat/gomedia/mpeg2 v0.0.0-20220609081842-9e0c0e8a19a0/go.mod h1:4VoPcUr2+e+Rx/8sHuHRDVHbyluWyl3OFrmcUOo80Vw=
