github.com/yapingcat/gomedia/codec v0.0.0-20220424104503-efa359334caf h1:4Uen+0jLzecw7hnQpUNSJlv+3A3yFXxVv2VCQRA2oNc=
github.com/yapingcat/gomedia/codec v0.0.0-20220424104503-efa359334caf/go.mod h1:obSECV6X3NPUsLL0olA7DurvQHKMq7J3iBTNQ4bL/vQ=
github.com/yapingcat/gomedia/mpeg v0.0.0-20211121043247-54c180fa81c4 h1:6Vv+gEDdtcDT9OVD+RSiUC2T4986hetaYbinUCwzHFM=
github.com/yapingcat/gomedia/mpeg v0.0.0-20211121043247-54c180fa81c4/go.mod h1:neT7Rmoi+yHT390+q+/73SC+nbR7MJCnCy1R9BcQCnE=
github.com/yapingcat/gomedia/mpeg v0.0.0-20220423150039-7eb532c3cae5 h1:iiA8Cbby/qgtjFI9FcFqEs3s/HaqgTl6TW/sMESnMCI=
github.com/yapingcat/gomedia/mpeg v0.0.0-20220423150039-7eb532c3cae5/go.mod h1:neT7Rmoi+yHT390+q+/73SC+nbR7MJCnCy1R9BcQCnE=
