github.com/yapingcat/gomedia/codec v0.0.0-20220424104503-efa359334caf/go.mod h1:obSECV6X3NPUsLL0olA7DurvQHKMq7J3iBTNQ4bL/vQ=
github.com/yapingcat/gomedia/codec v0.0.0-20220508032416-b0cdfab6bfd6 h1:c+44N2+6EGbuGocYMZ1WQN478C3ki5ffV6FaapLi4IU=
github.com/yapingcat/gomedia/codec v0.0.0-20220508032416-b0cdfab6bfd6/go.mod h1:obSECV6X3NPUsLL0olA7DurvQHKMq7J3iBTNQ4bL/vQ=
github.com/yapingcat/gomedia/flv v0.0.0-20220518070617-5b65f0e6384d h1:BK0jdFkC8OSG3nTJ4PDXKNDy9pSJslXtyIR3CaRzNnY=
github.com/yapingcat/gomedia/flv v0.0.0-20220518070617-5b65f0e6384d/go.mod h1:GxYDfT+TgpyXzQOBW59E94LbXC2Xn/qkv7xm2Wa5iwU=
github.com/yapingcat/gomedia/flv v0.0.0-20220519092123-cafda7a7a525 h1:UEebgZqT0/ZMop31qS6k5Q/K6mSUA15AwQ3EM38/FFk=
github.com/yapingcat/gomedia/flv v0.0.0-20220519092123-cafda7a7a525/go.mod h1:GxYDfT+TgpyXzQOBW59E94LbXC2Xn/qkv7xm2Wa5iwU=
github.com/yapingcat/gomedia/flv v0.0.0-20220519142142-f49fa2bb8a07 h1:IvxEreAP7qFGqyEMVn7F3sX+FcObFh7URIwq2xsv58s=
github.com/yapingcat/gomedia/flv v0.0.0-20220519142142-f49fa2bb8a07/go.mod h1:GxYDfT+TgpyXzQOBW59E94LbXC2Xn/qkv7xm2Wa5iwU=
